
Microsoft Visual Studio Solution File, Format Version 12.00
# Visual Studio Version 16
VisualStudioVersion = 16.0.31424.327
MinimumVisualStudioVersion = 10.0.40219.1
Project("{8BC9CEB8-8B4A-11D0-8D11-00A0C91BC942}") = "Project5", "Project5.vcxproj", "{FB6AC1CA-15E9-4736-AF8A-FB5709A85D64}"
EndProject
Global
	GlobalSection(SolutionConfigurationPlatforms) = preSolution
		Debug|x64 = Debug|x64
		Debug|x86 = Debug|x86
		Release|x64 = Release|x64
		Release|x86 = Release|x86
	EndGlobalSection
	GlobalSection(ProjectConfigurationPlatforms) = postSolution
		{FB6AC1CA-15E9-4736-AF8A-FB5709A85D64}.Debug|x64.ActiveCfg = Debug|x64
		{FB6AC1CA-15E9-4736-AF8A-FB5709A85D64}.Debug|x64.Build.0 = Debug|x64
		{FB6AC1CA-15E9-4736-AF8A-FB5709A85D64}.Debug|x86.ActiveCfg = Debug|Win32
		{FB6AC1CA-15E9-4736-AF8A-FB5709A85D64}.Debug|x86.Build.0 = Debug|Win32
		{FB6AC1CA-15E9-4736-AF8A-FB5709A85D64}.Release|x64.ActiveCfg = Release|x64
		{FB6AC1CA-15E9-4736-AF8A-FB5709A85D64}.Release|x64.Build.0 = Release|x64
		{FB6AC1CA-15E9-4736-AF8A-FB5709A85D64}.Release|x86.ActiveCfg = Release|Win32
		{FB6AC1CA-15E9-4736-AF8A-FB5709A85D64}.Release|x86.Build.0 = Release|Win32
	EndGlobalSection
	GlobalSection(SolutionProperties) = preSolution
		HideSolutionNode = FALSE
	EndGlobalSection
	GlobalSection(ExtensibilityGlobals) = postSolution
		SolutionGuid = {E1049839-3BEE-4B09-9A31-9AA390DD3DEB}
	EndGlobalSection
EndGlobal
